
Microsoft Visual Studio Solution File, Format Version 12.00
# Visual Studio 15
VisualStudioVersion = 15.0.28307.106
MinimumVisualStudioVersion = 10.0.40219.1
Project("{FAE04EC0-301F-11D3-BF4B-00C04F79EFBC}") = "Client", "-Nanit\Client.csproj", "{6CF2FBB3-5521-4AF5-9EEB-9BCE4478F960}"
EndProject
Project("{FAE04EC0-301F-11D3-BF4B-00C04F79EFBC}") = "Nanit-Svc", "-NanitSvc\Nanit-Svc.csproj", "{758AD18F-0F92-48FB-8D53-61D3BE71701A}"
EndProject
Project("{FAE04EC0-301F-11D3-BF4B-00C04F79EFBC}") = "! Nan Server", "-NanitServer\! Nan Server.csproj", "{2C4B9204-D03B-42BC-AFCA-FD913A10C531}"
EndProject
Project("{2150E333-8FDC-42A3-9474-1A3956D46DE8}") = "Using", "Using", "{15A8F219-C54A-4488-9E74-DC41567F8640}"
	ProjectSection(SolutionItems) = preProject
		Using\Main.cs = Using\Main.cs
	EndProjectSection
EndProject
Project("{2150E333-8FDC-42A3-9474-1A3956D46DE8}") = "Resources", "Resources", "{412C972E-DB62-49BD-8B35-70A2CDF00F75}"
	ProjectSection(SolutionItems) = preProject
		Resources\net2.ico = Resources\net2.ico
		Resources\net3.ico = Resources\net3.ico
	EndProjectSection
EndProject
Global
	GlobalSection(SolutionConfigurationPlatforms) = preSolution
		Debug|Any CPU = Debug|Any CPU
		Release|Any CPU = Release|Any CPU
	EndGlobalSection
	GlobalSection(ProjectConfigurationPlatforms) = postSolution
		{6CF2FBB3-5521-4AF5-9EEB-9BCE4478F960}.Debug|Any CPU.ActiveCfg = Debug|Any CPU
		{6CF2FBB3-5521-4AF5-9EEB-9BCE4478F960}.Debug|Any CPU.Build.0 = Debug|Any CPU
		{6CF2FBB3-5521-4AF5-9EEB-9BCE4478F960}.Release|Any CPU.ActiveCfg = Release|Any CPU
		{6CF2FBB3-5521-4AF5-9EEB-9BCE4478F960}.Release|Any CPU.Build.0 = Release|Any CPU
		{758AD18F-0F92-48FB-8D53-61D3BE71701A}.Debug|Any CPU.ActiveCfg = Debug|Any CPU
		{758AD18F-0F92-48FB-8D53-61D3BE71701A}.Debug|Any CPU.Build.0 = Debug|Any CPU
		{758AD18F-0F92-48FB-8D53-61D3BE71701A}.Release|Any CPU.ActiveCfg = Release|Any CPU
		{758AD18F-0F92-48FB-8D53-61D3BE71701A}.Release|Any CPU.Build.0 = Release|Any CPU
		{2C4B9204-D03B-42BC-AFCA-FD913A10C531}.Debug|Any CPU.ActiveCfg = Debug|Any CPU
		{2C4B9204-D03B-42BC-AFCA-FD913A10C531}.Debug|Any CPU.Build.0 = Debug|Any CPU
		{2C4B9204-D03B-42BC-AFCA-FD913A10C531}.Release|Any CPU.ActiveCfg = Release|Any CPU
		{2C4B9204-D03B-42BC-AFCA-FD913A10C531}.Release|Any CPU.Build.0 = Release|Any CPU
	EndGlobalSection
	GlobalSection(SolutionProperties) = preSolution
		HideSolutionNode = FALSE
	EndGlobalSection
	GlobalSection(NestedProjects) = preSolution
		{412C972E-DB62-49BD-8B35-70A2CDF00F75} = {15A8F219-C54A-4488-9E74-DC41567F8640}
	EndGlobalSection
	GlobalSection(ExtensibilityGlobals) = postSolution
		SolutionGuid = {79048A36-2E82-4807-BEA0-3E04BA9F18D5}
	EndGlobalSection
EndGlobal
