
Microsoft Visual Studio Solution File, Format Version 12.00
# Visual Studio 15
VisualStudioVersion = 15.0.28307.106
MinimumVisualStudioVersion = 10.0.40219.1
Project("{FAE04EC0-301F-11D3-BF4B-00C04F79EFBC}") = "WindowsFormsApp3", "WindowsFormsApp3\WindowsFormsApp3.csproj", "{E22F6A6B-C39A-4C6A-90A0-05AF030DE203}"
EndProject
Global
	GlobalSection(SolutionConfigurationPlatforms) = preSolution
		Debug|Any CPU = Debug|Any CPU
		Release|Any CPU = Release|Any CPU
	EndGlobalSection
	GlobalSection(ProjectConfigurationPlatforms) = postSolution
		{E22F6A6B-C39A-4C6A-90A0-05AF030DE203}.Debug|Any CPU.ActiveCfg = Debug|Any CPU
		{E22F6A6B-C39A-4C6A-90A0-05AF030DE203}.Debug|Any CPU.Build.0 = Debug|Any CPU
		{E22F6A6B-C39A-4C6A-90A0-05AF030DE203}.Release|Any CPU.ActiveCfg = Release|Any CPU
		{E22F6A6B-C39A-4C6A-90A0-05AF030DE203}.Release|Any CPU.Build.0 = Release|Any CPU
	EndGlobalSection
	GlobalSection(SolutionProperties) = preSolution
		HideSolutionNode = FALSE
	EndGlobalSection
	GlobalSection(ExtensibilityGlobals) = postSolution
		SolutionGuid = {92292471-7E90-4F13-906A-478695AC9083}
	EndGlobalSection
EndGlobal
